
Microsoft Visual Studio Solution File, Format Version 12.00
# Visual Studio Version 16
VisualStudioVersion = 16.0.30204.135
MinimumVisualStudioVersion = 10.0.40219.1
Project("{FAE04EC0-301F-11D3-BF4B-00C04F79EFBC}") = "AbyssPoolCH", "AbyssPoolCH.csproj", "{6BBD3C4D-1CA2-453F-9B35-B96B1D9C5B28}"
EndProject
Project("{2150E333-8FDC-42A3-9474-1A3956D46DE8}") = "Solution Items", "Solution Items", "{0AA9F16D-F578-4102-AEE0-971C64A995D7}"
EndProject
Global
	GlobalSection(SolutionConfigurationPlatforms) = preSolution
		Debug|Any CPU = Debug|Any CPU
		Release|Any CPU = Release|Any CPU
	EndGlobalSection
	GlobalSection(ProjectConfigurationPlatforms) = postSolution
		{6BBD3C4D-1CA2-453F-9B35-B96B1D9C5B28}.Debug|Any CPU.ActiveCfg = Debug|Any CPU
		{6BBD3C4D-1CA2-453F-9B35-B96B1D9C5B28}.Debug|Any CPU.Build.0 = Debug|Any CPU
		{6BBD3C4D-1CA2-453F-9B35-B96B1D9C5B28}.Release|Any CPU.ActiveCfg = Release|Any CPU
		{6BBD3C4D-1CA2-453F-9B35-B96B1D9C5B28}.Release|Any CPU.Build.0 = Release|Any CPU
	EndGlobalSection
	GlobalSection(SolutionProperties) = preSolution
		HideSolutionNode = FALSE
	EndGlobalSection
	GlobalSection(ExtensibilityGlobals) = postSolution
		SolutionGuid = {AF89CAC1-B1C8-45E2-A74D-73A526A634D8}
	EndGlobalSection
EndGlobal
